{
  "name": "server",
  "version": "1.0.0",
  "lockfileVersion": 1,
  "requires": true,
  "dependencies": {
    "fast-xml-parser": {
      "version": "4.0.10",
      "resolved": "https://registry.npmjs.org/fast-xml-parser/-/fast-xml-parser-4.0.10.tgz",
      "integrity": "sha512-mYMMIk7Ho1QOiedyvafdyPamn1Vlda+5n95lcn0g79UiCQoLQ2xfPQ8m3pcxBMpVaftYXtoIE2wrNTjmLQnnkg==",
      "requires": {
        "strnum": "^1.0.5"
      }
    },
    "strnum": {
      "version": "1.0.5",
      "resolved": "https://registry.npmjs.org/strnum/-/strnum-1.0.5.tgz",
      "integrity": "sha512-J8bbNyKKXl5qYcR36TIO8W3mVGVHrmmxsd5PAItGkmyzwJvybiw2IVq5nqd0i4LSNSkB/sx9VHllbfFdr9k1JA=="
    }
  }
}
